
Microsoft Visual Studio Solution File, Format Version 12.00
# Visual Studio Version 17
VisualStudioVersion = 17.7.34202.233
MinimumVisualStudioVersion = 10.0.40219.1
Project("{FAE04EC0-301F-11D3-BF4B-00C04F79EFBC}") = "ChuongTrinhDaoTao", "ChuongTrinhDaoTao\ChuongTrinhDaoTao.csproj", "{64A81EA9-FF1E-42B3-B564-F168F7CCEAAF}"
EndProject
Global
	GlobalSection(SolutionConfigurationPlatforms) = preSolution
		Debug|Any CPU = Debug|Any CPU
		Release|Any CPU = Release|Any CPU
	EndGlobalSection
	GlobalSection(ProjectConfigurationPlatforms) = postSolution
		{64A81EA9-FF1E-42B3-B564-F168F7CCEAAF}.Debug|Any CPU.ActiveCfg = Debug|Any CPU
		{64A81EA9-FF1E-42B3-B564-F168F7CCEAAF}.Debug|Any CPU.Build.0 = Debug|Any CPU
		{64A81EA9-FF1E-42B3-B564-F168F7CCEAAF}.Release|Any CPU.ActiveCfg = Release|Any CPU
		{64A81EA9-FF1E-42B3-B564-F168F7CCEAAF}.Release|Any CPU.Build.0 = Release|Any CPU
	EndGlobalSection
	GlobalSection(SolutionProperties) = preSolution
		HideSolutionNode = FALSE
	EndGlobalSection
	GlobalSection(ExtensibilityGlobals) = postSolution
		SolutionGuid = {C1561D77-1C0C-48E4-876C-29D869471570}
	EndGlobalSection
EndGlobal
